
Microsoft Visual Studio Solution File, Format Version 12.00
# Visual Studio Version 17
VisualStudioVersion = 17.11.35327.3
MinimumVisualStudioVersion = 10.0.40219.1
Project("{FAE04EC0-301F-11D3-BF4B-00C04F79EFBC}") = "FindSecondLargest", "FindSecondLargest\FindSecondLargest.csproj", "{808641DC-7FF1-4640-BBF4-7CB75C59BC5F}"
EndProject
Global
	GlobalSection(SolutionConfigurationPlatforms) = preSolution
		Debug|Any CPU = Debug|Any CPU
		Release|Any CPU = Release|Any CPU
	EndGlobalSection
	GlobalSection(ProjectConfigurationPlatforms) = postSolution
		{808641DC-7FF1-4640-BBF4-7CB75C59BC5F}.Debug|Any CPU.ActiveCfg = Debug|Any CPU
		{808641DC-7FF1-4640-BBF4-7CB75C59BC5F}.Debug|Any CPU.Build.0 = Debug|Any CPU
		{808641DC-7FF1-4640-BBF4-7CB75C59BC5F}.Release|Any CPU.ActiveCfg = Release|Any CPU
		{808641DC-7FF1-4640-BBF4-7CB75C59BC5F}.Release|Any CPU.Build.0 = Release|Any CPU
	EndGlobalSection
	GlobalSection(SolutionProperties) = preSolution
		HideSolutionNode = FALSE
	EndGlobalSection
	GlobalSection(ExtensibilityGlobals) = postSolution
		SolutionGuid = {58C6EEF4-669E-4907-A3A5-61929C0A7738}
	EndGlobalSection
EndGlobal
